// !$*UTF8*$!
{
	archiveVersion = 1;
	classes = {
	};
	objectVersion = 56;
	objects = {

/* Begin PBXBuildFile section */
		182B15692C2A4D7500AF3EB2 /* SignUpView.swift in Sources */ = {isa = PBXBuildFile; fileRef = 182B15682C2A4D7500AF3EB2 /* SignUpView.swift */; };
		182B156C2C2A4D8E00AF3EB2 /* BottomSheetView.swift in Sources */ = {isa = PBXBuildFile; fileRef = 182B156B2C2A4D8E00AF3EB2 /* BottomSheetView.swift */; };
		182B156E2C2A4D9900AF3EB2 /* GradientHeaderView.swift in Sources */ = {isa = PBXBuildFile; fileRef = 182B156D2C2A4D9900AF3EB2 /* GradientHeaderView.swift */; };
		182B15702C2A4DA400AF3EB2 /* PrimaryButton.swift in Sources */ = {isa = PBXBuildFile; fileRef = 182B156F2C2A4DA400AF3EB2 /* PrimaryButton.swift */; };
		182B15722C2A4DAF00AF3EB2 /* PrimaryTextField.swift in Sources */ = {isa = PBXBuildFile; fileRef = 182B15712C2A4DAF00AF3EB2 /* PrimaryTextField.swift */; };
		182B15752C2A4DC600AF3EB2 /* LayoutConstants.swift in Sources */ = {isa = PBXBuildFile; fileRef = 182B15742C2A4DC600AF3EB2 /* LayoutConstants.swift */; };
		1855BB1B2C15544C005E2C5A /* WheaterService.swift in Sources */ = {isa = PBXBuildFile; fileRef = 1855BB1A2C15544C005E2C5A /* WheaterService.swift */; };
		1855BB1D2C15545E005E2C5A /* WheaterProvider.swift in Sources */ = {isa = PBXBuildFile; fileRef = 1855BB1C2C15545E005E2C5A /* WheaterProvider.swift */; };
		1855BB222C15563D005E2C5A /* WheaterServiceFactory.swift in Sources */ = {isa = PBXBuildFile; fileRef = 1855BB212C15563D005E2C5A /* WheaterServiceFactory.swift */; };
		1855BB242C1556CF005E2C5A /* LocationWheater.swift in Sources */ = {isa = PBXBuildFile; fileRef = 1855BB232C1556CF005E2C5A /* LocationWheater.swift */; };
		1855BB262C155C97005E2C5A /* RemoteWheaterProvider.swift in Sources */ = {isa = PBXBuildFile; fileRef = 1855BB252C155C97005E2C5A /* RemoteWheaterProvider.swift */; };
		1855BB282C155D3E005E2C5A /* WheaterProviderMock.swift in Sources */ = {isa = PBXBuildFile; fileRef = 1855BB272C155D3E005E2C5A /* WheaterProviderMock.swift */; };
		1855BB2B2C156A3D005E2C5A /* WeatherView.swift in Sources */ = {isa = PBXBuildFile; fileRef = 1855BB2A2C156A3D005E2C5A /* WeatherView.swift */; };
		1855BB2D2C156A47005E2C5A /* WeatherViewModel.swift in Sources */ = {isa = PBXBuildFile; fileRef = 1855BB2C2C156A47005E2C5A /* WeatherViewModel.swift */; };
		187E777F2C15723F000BF9E4 /* FavoriteLocationsViewModel.swift in Sources */ = {isa = PBXBuildFile; fileRef = 187E777E2C15723F000BF9E4 /* FavoriteLocationsViewModel.swift */; };
		187E77822C15782C000BF9E4 /* LocationManager.swift in Sources */ = {isa = PBXBuildFile; fileRef = 187E77812C15782C000BF9E4 /* LocationManager.swift */; };
		18F0305E2C127913003A7943 /* WeatherAppApp.swift in Sources */ = {isa = PBXBuildFile; fileRef = 18F0305D2C127913003A7943 /* WeatherAppApp.swift */; };
		18F030602C127913003A7943 /* FavoriteLocationsView.swift in Sources */ = {isa = PBXBuildFile; fileRef = 18F0305F2C127913003A7943 /* FavoriteLocationsView.swift */; };
		18F030622C127915003A7943 /* Assets.xcassets in Resources */ = {isa = PBXBuildFile; fileRef = 18F030612C127915003A7943 /* Assets.xcassets */; };
		18F030652C127915003A7943 /* Preview Assets.xcassets in Resources */ = {isa = PBXBuildFile; fileRef = 18F030642C127915003A7943 /* Preview Assets.xcassets */; };
		18F030672C127915003A7943 /* Persistence.swift in Sources */ = {isa = PBXBuildFile; fileRef = 18F030662C127915003A7943 /* Persistence.swift */; };
		18F0306A2C127915003A7943 /* WeatherApp.xcdatamodeld in Sources */ = {isa = PBXBuildFile; fileRef = 18F030682C127915003A7943 /* WeatherApp.xcdatamodeld */; };
/* End PBXBuildFile section */

/* Begin PBXFileReference section */
		182B15682C2A4D7500AF3EB2 /* SignUpView.swift */ = {isa = PBXFileReference; lastKnownFileType = sourcecode.swift; path = SignUpView.swift; sourceTree = "<group>"; };
		182B156B2C2A4D8E00AF3EB2 /* BottomSheetView.swift */ = {isa = PBXFileReference; lastKnownFileType = sourcecode.swift; path = BottomSheetView.swift; sourceTree = "<group>"; };
		182B156D2C2A4D9900AF3EB2 /* GradientHeaderView.swift */ = {isa = PBXFileReference; lastKnownFileType = sourcecode.swift; path = GradientHeaderView.swift; sourceTree = "<group>"; };
		182B156F2C2A4DA400AF3EB2 /* PrimaryButton.swift */ = {isa = PBXFileReference; lastKnownFileType = sourcecode.swift; path = PrimaryButton.swift; sourceTree = "<group>"; };
		182B15712C2A4DAF00AF3EB2 /* PrimaryTextField.swift */ = {isa = PBXFileReference; lastKnownFileType = sourcecode.swift; path = PrimaryTextField.swift; sourceTree = "<group>"; };
		182B15742C2A4DC600AF3EB2 /* LayoutConstants.swift */ = {isa = PBXFileReference; lastKnownFileType = sourcecode.swift; path = LayoutConstants.swift; sourceTree = "<group>"; };
		1855BB1A2C15544C005E2C5A /* WheaterService.swift */ = {isa = PBXFileReference; lastKnownFileType = sourcecode.swift; path = WheaterService.swift; sourceTree = "<group>"; };
		1855BB1C2C15545E005E2C5A /* WheaterProvider.swift */ = {isa = PBXFileReference; lastKnownFileType = sourcecode.swift; path = WheaterProvider.swift; sourceTree = "<group>"; };
		1855BB212C15563D005E2C5A /* WheaterServiceFactory.swift */ = {isa = PBXFileReference; lastKnownFileType = sourcecode.swift; path = WheaterServiceFactory.swift; sourceTree = "<group>"; };
		1855BB232C1556CF005E2C5A /* LocationWheater.swift */ = {isa = PBXFileReference; lastKnownFileType = sourcecode.swift; path = LocationWheater.swift; sourceTree = "<group>"; };
		1855BB252C155C97005E2C5A /* RemoteWheaterProvider.swift */ = {isa = PBXFileReference; lastKnownFileType = sourcecode.swift; path = RemoteWheaterProvider.swift; sourceTree = "<group>"; };
		1855BB272C155D3E005E2C5A /* WheaterProviderMock.swift */ = {isa = PBXFileReference; lastKnownFileType = sourcecode.swift; path = WheaterProviderMock.swift; sourceTree = "<group>"; };
		1855BB2A2C156A3D005E2C5A /* WeatherView.swift */ = {isa = PBXFileReference; lastKnownFileType = sourcecode.swift; path = WeatherView.swift; sourceTree = "<group>"; };
		1855BB2C2C156A47005E2C5A /* WeatherViewModel.swift */ = {isa = PBXFileReference; lastKnownFileType = sourcecode.swift; path = WeatherViewModel.swift; sourceTree = "<group>"; };
		187E777E2C15723F000BF9E4 /* FavoriteLocationsViewModel.swift */ = {isa = PBXFileReference; lastKnownFileType = sourcecode.swift; path = FavoriteLocationsViewModel.swift; sourceTree = "<group>"; };
		187E77812C15782C000BF9E4 /* LocationManager.swift */ = {isa = PBXFileReference; lastKnownFileType = sourcecode.swift; path = LocationManager.swift; sourceTree = "<group>"; };
		18F0305A2C127913003A7943 /* WeatherApp.app */ = {isa = PBXFileReference; explicitFileType = wrapper.application; includeInIndex = 0; path = WeatherApp.app; sourceTree = BUILT_PRODUCTS_DIR; };
		18F0305D2C127913003A7943 /* WeatherAppApp.swift */ = {isa = PBXFileReference; lastKnownFileType = sourcecode.swift; path = WeatherAppApp.swift; sourceTree = "<group>"; };
		18F0305F2C127913003A7943 /* FavoriteLocationsView.swift */ = {isa = PBXFileReference; lastKnownFileType = sourcecode.swift; path = FavoriteLocationsView.swift; sourceTree = "<group>"; };
		18F030612C127915003A7943 /* Assets.xcassets */ = {isa = PBXFileReference; lastKnownFileType = folder.assetcatalog; path = Assets.xcassets; sourceTree = "<group>"; };
		18F030642C127915003A7943 /* Preview Assets.xcassets */ = {isa = PBXFileReference; lastKnownFileType = folder.assetcatalog; path = "Preview Assets.xcassets"; sourceTree = "<group>"; };
		18F030662C127915003A7943 /* Persistence.swift */ = {isa = PBXFileReference; lastKnownFileType = sourcecode.swift; path = Persistence.swift; sourceTree = "<group>"; };
		18F030692C127915003A7943 /* WeatherApp.xcdatamodel */ = {isa = PBXFileReference; lastKnownFileType = wrapper.xcdatamodel; path = WeatherApp.xcdatamodel; sourceTree = "<group>"; };
/* End PBXFileReference section */

/* Begin PBXFrameworksBuildPhase section */
		18F030572C127913003A7943 /* Frameworks */ = {
			isa = PBXFrameworksBuildPhase;
			buildActionMask = 2147483647;
			files = (
			);
			runOnlyForDeploymentPostprocessing = 0;
		};
/* End PBXFrameworksBuildPhase section */

/* Begin PBXGroup section */
		182B15672C2A4D3F00AF3EB2 /* SignUp */ = {
			isa = PBXGroup;
			children = (
				182B15682C2A4D7500AF3EB2 /* SignUpView.swift */,
			);
			path = SignUp;
			sourceTree = "<group>";
		};
		182B156A2C2A4D7F00AF3EB2 /* Components */ = {
			isa = PBXGroup;
			children = (
				182B156B2C2A4D8E00AF3EB2 /* BottomSheetView.swift */,
				182B156D2C2A4D9900AF3EB2 /* GradientHeaderView.swift */,
				182B156F2C2A4DA400AF3EB2 /* PrimaryButton.swift */,
				182B15712C2A4DAF00AF3EB2 /* PrimaryTextField.swift */,
			);
			path = Components;
			sourceTree = "<group>";
		};
		182B15732C2A4DBB00AF3EB2 /* Utils */ = {
			isa = PBXGroup;
			children = (
				182B15742C2A4DC600AF3EB2 /* LayoutConstants.swift */,
			);
			path = Utils;
			sourceTree = "<group>";
		};
		1855BB162C1553C8005E2C5A /* Scenes */ = {
			isa = PBXGroup;
			children = (
				182B15672C2A4D3F00AF3EB2 /* SignUp */,
				187E777D2C157236000BF9E4 /* FavoriteLocationsView */,
				1855BB292C156A29005E2C5A /* WeatherView */,
			);
			path = Scenes;
			sourceTree = "<group>";
		};
		1855BB172C1553D1005E2C5A /* Model */ = {
			isa = PBXGroup;
			children = (
				1855BB232C1556CF005E2C5A /* LocationWheater.swift */,
			);
			path = Model;
			sourceTree = "<group>";
		};
		1855BB182C1553D6005E2C5A /* Database */ = {
			isa = PBXGroup;
			children = (
				18F030662C127915003A7943 /* Persistence.swift */,
				18F030682C127915003A7943 /* WeatherApp.xcdatamodeld */,
			);
			path = Database;
			sourceTree = "<group>";
		};
		1855BB192C1553EA005E2C5A /* Services */ = {
			isa = PBXGroup;
			children = (
				187E77802C157821000BF9E4 /* Location */,
				1855BB1F2C15546F005E2C5A /* Wheater */,
			);
			path = Services;
			sourceTree = "<group>";
		};
		1855BB1E2C155466005E2C5A /* Interface */ = {
			isa = PBXGroup;
			children = (
				1855BB1C2C15545E005E2C5A /* WheaterProvider.swift */,
			);
			path = Interface;
			sourceTree = "<group>";
		};
		1855BB1F2C15546F005E2C5A /* Wheater */ = {
			isa = PBXGroup;
			children = (
				1855BB252C155C97005E2C5A /* RemoteWheaterProvider.swift */,
				1855BB272C155D3E005E2C5A /* WheaterProviderMock.swift */,
				1855BB1A2C15544C005E2C5A /* WheaterService.swift */,
				1855BB1E2C155466005E2C5A /* Interface */,
			);
			path = Wheater;
			sourceTree = "<group>";
		};
		1855BB202C155615005E2C5A /* Factories */ = {
			isa = PBXGroup;
			children = (
				1855BB212C15563D005E2C5A /* WheaterServiceFactory.swift */,
			);
			path = Factories;
			sourceTree = "<group>";
		};
		1855BB292C156A29005E2C5A /* WeatherView */ = {
			isa = PBXGroup;
			children = (
				1855BB2A2C156A3D005E2C5A /* WeatherView.swift */,
				1855BB2C2C156A47005E2C5A /* WeatherViewModel.swift */,
			);
			path = WeatherView;
			sourceTree = "<group>";
		};
		187E777D2C157236000BF9E4 /* FavoriteLocationsView */ = {
			isa = PBXGroup;
			children = (
				18F0305F2C127913003A7943 /* FavoriteLocationsView.swift */,
				187E777E2C15723F000BF9E4 /* FavoriteLocationsViewModel.swift */,
			);
			path = FavoriteLocationsView;
			sourceTree = "<group>";
		};
		187E77802C157821000BF9E4 /* Location */ = {
			isa = PBXGroup;
			children = (
				187E77812C15782C000BF9E4 /* LocationManager.swift */,
			);
			path = Location;
			sourceTree = "<group>";
		};
		18F030512C127913003A7943 = {
			isa = PBXGroup;
			children = (
				18F0305C2C127913003A7943 /* WeatherApp */,
				18F0305B2C127913003A7943 /* Products */,
			);
			sourceTree = "<group>";
		};
		18F0305B2C127913003A7943 /* Products */ = {
			isa = PBXGroup;
			children = (
				18F0305A2C127913003A7943 /* WeatherApp.app */,
			);
			name = Products;
			sourceTree = "<group>";
		};
		18F0305C2C127913003A7943 /* WeatherApp */ = {
			isa = PBXGroup;
			children = (
				18F0305D2C127913003A7943 /* WeatherAppApp.swift */,
				18F030612C127915003A7943 /* Assets.xcassets */,
				182B156A2C2A4D7F00AF3EB2 /* Components */,
				1855BB182C1553D6005E2C5A /* Database */,
				1855BB202C155615005E2C5A /* Factories */,
				1855BB172C1553D1005E2C5A /* Model */,
				18F030632C127915003A7943 /* Preview Content */,
				1855BB162C1553C8005E2C5A /* Scenes */,
				1855BB192C1553EA005E2C5A /* Services */,
				182B15732C2A4DBB00AF3EB2 /* Utils */,
			);
			path = WeatherApp;
			sourceTree = "<group>";
		};
		18F030632C127915003A7943 /* Preview Content */ = {
			isa = PBXGroup;
			children = (
				18F030642C127915003A7943 /* Preview Assets.xcassets */,
			);
			path = "Preview Content";
			sourceTree = "<group>";
		};
/* End PBXGroup section */

/* Begin PBXNativeTarget section */
		18F030592C127913003A7943 /* WeatherApp */ = {
			isa = PBXNativeTarget;
			buildConfigurationList = 18F0306D2C127915003A7943 /* Build configuration list for PBXNativeTarget "WeatherApp" */;
			buildPhases = (
				18F030562C127913003A7943 /* Sources */,
				18F030572C127913003A7943 /* Frameworks */,
				18F030582C127913003A7943 /* Resources */,
			);
			buildRules = (
			);
			dependencies = (
			);
			name = WeatherApp;
			productName = WeatherApp;
			productReference = 18F0305A2C127913003A7943 /* WeatherApp.app */;
			productType = "com.apple.product-type.application";
		};
/* End PBXNativeTarget section */

/* Begin PBXProject section */
		18F030522C127913003A7943 /* Project object */ = {
			isa = PBXProject;
			attributes = {
				BuildIndependentTargetsInParallel = 1;
				LastSwiftUpdateCheck = 1540;
				LastUpgradeCheck = 1540;
				TargetAttributes = {
					18F030592C127913003A7943 = {
						CreatedOnToolsVersion = 15.4;
					};
				};
			};
			buildConfigurationList = 18F030552C127913003A7943 /* Build configuration list for PBXProject "WeatherApp" */;
			compatibilityVersion = "Xcode 14.0";
			developmentRegion = en;
			hasScannedForEncodings = 0;
			knownRegions = (
				en,
				Base,
			);
			mainGroup = 18F030512C127913003A7943;
			productRefGroup = 18F0305B2C127913003A7943 /* Products */;
			projectDirPath = "";
			projectRoot = "";
			targets = (
				18F030592C127913003A7943 /* WeatherApp */,
			);
		};
/* End PBXProject section */

/* Begin PBXResourcesBuildPhase section */
		18F030582C127913003A7943 /* Resources */ = {
			isa = PBXResourcesBuildPhase;
			buildActionMask = 2147483647;
			files = (
				18F030652C127915003A7943 /* Preview Assets.xcassets in Resources */,
				18F030622C127915003A7943 /* Assets.xcassets in Resources */,
			);
			runOnlyForDeploymentPostprocessing = 0;
		};
/* End PBXResourcesBuildPhase section */

/* Begin PBXSourcesBuildPhase section */
		18F030562C127913003A7943 /* Sources */ = {
			isa = PBXSourcesBuildPhase;
			buildActionMask = 2147483647;
			files = (
				182B15702C2A4DA400AF3EB2 /* PrimaryButton.swift in Sources */,
				1855BB2B2C156A3D005E2C5A /* WeatherView.swift in Sources */,
				182B15692C2A4D7500AF3EB2 /* SignUpView.swift in Sources */,
				1855BB2D2C156A47005E2C5A /* WeatherViewModel.swift in Sources */,
				182B15722C2A4DAF00AF3EB2 /* PrimaryTextField.swift in Sources */,
				18F0306A2C127915003A7943 /* WeatherApp.xcdatamodeld in Sources */,
				1855BB242C1556CF005E2C5A /* LocationWheater.swift in Sources */,
				1855BB262C155C97005E2C5A /* RemoteWheaterProvider.swift in Sources */,
				1855BB282C155D3E005E2C5A /* WheaterProviderMock.swift in Sources */,
				1855BB1D2C15545E005E2C5A /* WheaterProvider.swift in Sources */,
				187E777F2C15723F000BF9E4 /* FavoriteLocationsViewModel.swift in Sources */,
				182B156C2C2A4D8E00AF3EB2 /* BottomSheetView.swift in Sources */,
				1855BB222C15563D005E2C5A /* WheaterServiceFactory.swift in Sources */,
				18F030672C127915003A7943 /* Persistence.swift in Sources */,
				187E77822C15782C000BF9E4 /* LocationManager.swift in Sources */,
				1855BB1B2C15544C005E2C5A /* WheaterService.swift in Sources */,
				182B156E2C2A4D9900AF3EB2 /* GradientHeaderView.swift in Sources */,
				18F030602C127913003A7943 /* FavoriteLocationsView.swift in Sources */,
				18F0305E2C127913003A7943 /* WeatherAppApp.swift in Sources */,
				182B15752C2A4DC600AF3EB2 /* LayoutConstants.swift in Sources */,
			);
			runOnlyForDeploymentPostprocessing = 0;
		};
/* End PBXSourcesBuildPhase section */

/* Begin XCBuildConfiguration section */
		18F0306B2C127915003A7943 /* Debug */ = {
			isa = XCBuildConfiguration;
			buildSettings = {
				ALWAYS_SEARCH_USER_PATHS = NO;
				ASSETCATALOG_COMPILER_GENERATE_SWIFT_ASSET_SYMBOL_EXTENSIONS = YES;
				CLANG_ANALYZER_NONNULL = YES;
				CLANG_ANALYZER_NUMBER_OBJECT_CONVERSION = YES_AGGRESSIVE;
				CLANG_CXX_LANGUAGE_STANDARD = "gnu++20";
				CLANG_ENABLE_MODULES = YES;
				CLANG_ENABLE_OBJC_ARC = YES;
				CLANG_ENABLE_OBJC_WEAK = YES;
				CLANG_WARN_BLOCK_CAPTURE_AUTORELEASING = YES;
				CLANG_WARN_BOOL_CONVERSION = YES;
				CLANG_WARN_COMMA = YES;
				CLANG_WARN_CONSTANT_CONVERSION = YES;
				CLANG_WARN_DEPRECATED_OBJC_IMPLEMENTATIONS = YES;
				CLANG_WARN_DIRECT_OBJC_ISA_USAGE = YES_ERROR;
				CLANG_WARN_DOCUMENTATION_COMMENTS = YES;
				CLANG_WARN_EMPTY_BODY = YES;
				CLANG_WARN_ENUM_CONVERSION = YES;
				CLANG_WARN_INFINITE_RECURSION = YES;
				CLANG_WARN_INT_CONVERSION = YES;
				CLANG_WARN_NON_LITERAL_NULL_CONVERSION = YES;
				CLANG_WARN_OBJC_IMPLICIT_RETAIN_SELF = YES;
				CLANG_WARN_OBJC_LITERAL_CONVERSION = YES;
				CLANG_WARN_OBJC_ROOT_CLASS = YES_ERROR;
				CLANG_WARN_QUOTED_INCLUDE_IN_FRAMEWORK_HEADER = YES;
				CLANG_WARN_RANGE_LOOP_ANALYSIS = YES;
				CLANG_WARN_STRICT_PROTOTYPES = YES;
				CLANG_WARN_SUSPICIOUS_MOVE = YES;
				CLANG_WARN_UNGUARDED_AVAILABILITY = YES_AGGRESSIVE;
				CLANG_WARN_UNREACHABLE_CODE = YES;
				CLANG_WARN__DUPLICATE_METHOD_MATCH = YES;
				COPY_PHASE_STRIP = NO;
				DEBUG_INFORMATION_FORMAT = dwarf;
				ENABLE_STRICT_OBJC_MSGSEND = YES;
				ENABLE_TESTABILITY = YES;
				ENABLE_USER_SCRIPT_SANDBOXING = YES;
				GCC_C_LANGUAGE_STANDARD = gnu17;
				GCC_DYNAMIC_NO_PIC = NO;
				GCC_NO_COMMON_BLOCKS = YES;
				GCC_OPTIMIZATION_LEVEL = 0;
				GCC_PREPROCESSOR_DEFINITIONS = (
					"DEBUG=1",
					"$(inherited)",
				);
				GCC_WARN_64_TO_32_BIT_CONVERSION = YES;
				GCC_WARN_ABOUT_RETURN_TYPE = YES_ERROR;
				GCC_WARN_UNDECLARED_SELECTOR = YES;
				GCC_WARN_UNINITIALIZED_AUTOS = YES_AGGRESSIVE;
				GCC_WARN_UNUSED_FUNCTION = YES;
				GCC_WARN_UNUSED_VARIABLE = YES;
				IPHONEOS_DEPLOYMENT_TARGET = 17.5;
				LOCALIZATION_PREFERS_STRING_CATALOGS = YES;
				MTL_ENABLE_DEBUG_INFO = INCLUDE_SOURCE;
				MTL_FAST_MATH = YES;
				ONLY_ACTIVE_ARCH = YES;
				SDKROOT = iphoneos;
				SWIFT_ACTIVE_COMPILATION_CONDITIONS = "DEBUG $(inherited)";
				SWIFT_OPTIMIZATION_LEVEL = "-Onone";
			};
			name = Debug;
		};
		18F0306C2C127915003A7943 /* Release */ = {
			isa = XCBuildConfiguration;
			buildSettings = {
				ALWAYS_SEARCH_USER_PATHS = NO;
				ASSETCATALOG_COMPILER_GENERATE_SWIFT_ASSET_SYMBOL_EXTENSIONS = YES;
				CLANG_ANALYZER_NONNULL = YES;
				CLANG_ANALYZER_NUMBER_OBJECT_CONVERSION = YES_AGGRESSIVE;
				CLANG_CXX_LANGUAGE_STANDARD = "gnu++20";
				CLANG_ENABLE_MODULES = YES;
				CLANG_ENABLE_OBJC_ARC = YES;
				CLANG_ENABLE_OBJC_WEAK = YES;
				CLANG_WARN_BLOCK_CAPTURE_AUTORELEASING = YES;
				CLANG_WARN_BOOL_CONVERSION = YES;
				CLANG_WARN_COMMA = YES;
				CLANG_WARN_CONSTANT_CONVERSION = YES;
				CLANG_WARN_DEPRECATED_OBJC_IMPLEMENTATIONS = YES;
				CLANG_WARN_DIRECT_OBJC_ISA_USAGE = YES_ERROR;
				CLANG_WARN_DOCUMENTATION_COMMENTS = YES;
				CLANG_WARN_EMPTY_BODY = YES;
				CLANG_WARN_ENUM_CONVERSION = YES;
				CLANG_WARN_INFINITE_RECURSION = YES;
				CLANG_WARN_INT_CONVERSION = YES;
				CLANG_WARN_NON_LITERAL_NULL_CONVERSION = YES;
				CLANG_WARN_OBJC_IMPLICIT_RETAIN_SELF = YES;
				CLANG_WARN_OBJC_LITERAL_CONVERSION = YES;
				CLANG_WARN_OBJC_ROOT_CLASS = YES_ERROR;
				CLANG_WARN_QUOTED_INCLUDE_IN_FRAMEWORK_HEADER = YES;
				CLANG_WARN_RANGE_LOOP_ANALYSIS = YES;
				CLANG_WARN_STRICT_PROTOTYPES = YES;
				CLANG_WARN_SUSPICIOUS_MOVE = YES;
				CLANG_WARN_UNGUARDED_AVAILABILITY = YES_AGGRESSIVE;
				CLANG_WARN_UNREACHABLE_CODE = YES;
				CLANG_WARN__DUPLICATE_METHOD_MATCH = YES;
				COPY_PHASE_STRIP = NO;
				DEBUG_INFORMATION_FORMAT = "dwarf-with-dsym";
				ENABLE_NS_ASSERTIONS = NO;
				ENABLE_STRICT_OBJC_MSGSEND = YES;
				ENABLE_USER_SCRIPT_SANDBOXING = YES;
				GCC_C_LANGUAGE_STANDARD = gnu17;
				GCC_NO_COMMON_BLOCKS = YES;
				GCC_WARN_64_TO_32_BIT_CONVERSION = YES;
				GCC_WARN_ABOUT_RETURN_TYPE = YES_ERROR;
				GCC_WARN_UNDECLARED_SELECTOR = YES;
				GCC_WARN_UNINITIALIZED_AUTOS = YES_AGGRESSIVE;
				GCC_WARN_UNUSED_FUNCTION = YES;
				GCC_WARN_UNUSED_VARIABLE = YES;
				IPHONEOS_DEPLOYMENT_TARGET = 17.5;
				LOCALIZATION_PREFERS_STRING_CATALOGS = YES;
				MTL_ENABLE_DEBUG_INFO = NO;
				MTL_FAST_MATH = YES;
				SDKROOT = iphoneos;
				SWIFT_COMPILATION_MODE = wholemodule;
				VALIDATE_PRODUCT = YES;
			};
			name = Release;
		};
		18F0306E2C127915003A7943 /* Debug */ = {
			isa = XCBuildConfiguration;
			buildSettings = {
				ASSETCATALOG_COMPILER_APPICON_NAME = AppIcon;
				ASSETCATALOG_COMPILER_GLOBAL_ACCENT_COLOR_NAME = AccentColor;
				CODE_SIGN_STYLE = Automatic;
				CURRENT_PROJECT_VERSION = 1;
				DEVELOPMENT_ASSET_PATHS = "\"WeatherApp/Preview Content\"";
				DEVELOPMENT_TEAM = T9ZJWJGCBB;
				ENABLE_PREVIEWS = YES;
				GENERATE_INFOPLIST_FILE = YES;
				INFOPLIST_KEY_NSLocationAlwaysAndWhenInUseUsageDescription = "We need your location to provide your local weather data";
				INFOPLIST_KEY_NSLocationWhenInUseUsageDescription = "We need your location to provide your local weather data";
				INFOPLIST_KEY_UIApplicationSceneManifest_Generation = YES;
				INFOPLIST_KEY_UIApplicationSupportsIndirectInputEvents = YES;
				INFOPLIST_KEY_UILaunchScreen_Generation = YES;
				INFOPLIST_KEY_UISupportedInterfaceOrientations_iPad = "UIInterfaceOrientationPortrait UIInterfaceOrientationPortraitUpsideDown UIInterfaceOrientationLandscapeLeft UIInterfaceOrientationLandscapeRight";
				INFOPLIST_KEY_UISupportedInterfaceOrientations_iPhone = "UIInterfaceOrientationPortrait UIInterfaceOrientationLandscapeLeft UIInterfaceOrientationLandscapeRight";
				LD_RUNPATH_SEARCH_PATHS = (
					"$(inherited)",
					"@executable_path/Frameworks",
				);
				MARKETING_VERSION = 1.0;
				PRODUCT_BUNDLE_IDENTIFIER = dev.bressam.WeatherApp;
				PRODUCT_NAME = "$(TARGET_NAME)";
				SWIFT_EMIT_LOC_STRINGS = YES;
				SWIFT_VERSION = 5.0;
				TARGETED_DEVICE_FAMILY = "1,2";
			};
			name = Debug;
		};
		18F0306F2C127915003A7943 /* Release */ = {
			isa = XCBuildConfiguration;
			buildSettings = {
				ASSETCATALOG_COMPILER_APPICON_NAME = AppIcon;
				ASSETCATALOG_COMPILER_GLOBAL_ACCENT_COLOR_NAME = AccentColor;
				CODE_SIGN_STYLE = Automatic;
				CURRENT_PROJECT_VERSION = 1;
				DEVELOPMENT_ASSET_PATHS = "\"WeatherApp/Preview Content\"";
				DEVELOPMENT_TEAM = T9ZJWJGCBB;
				ENABLE_PREVIEWS = YES;
				GENERATE_INFOPLIST_FILE = YES;
				INFOPLIST_KEY_NSLocationAlwaysAndWhenInUseUsageDescription = "We need your location to provide your local weather data";
				INFOPLIST_KEY_NSLocationWhenInUseUsageDescription = "We need your location to provide your local weather data";
				INFOPLIST_KEY_UIApplicationSceneManifest_Generation = YES;
				INFOPLIST_KEY_UIApplicationSupportsIndirectInputEvents = YES;
				INFOPLIST_KEY_UILaunchScreen_Generation = YES;
				INFOPLIST_KEY_UISupportedInterfaceOrientations_iPad = "UIInterfaceOrientationPortrait UIInterfaceOrientationPortraitUpsideDown UIInterfaceOrientationLandscapeLeft UIInterfaceOrientationLandscapeRight";
				INFOPLIST_KEY_UISupportedInterfaceOrientations_iPhone = "UIInterfaceOrientationPortrait UIInterfaceOrientationLandscapeLeft UIInterfaceOrientationLandscapeRight";
				LD_RUNPATH_SEARCH_PATHS = (
					"$(inherited)",
					"@executable_path/Frameworks",
				);
				MARKETING_VERSION = 1.0;
				PRODUCT_BUNDLE_IDENTIFIER = dev.bressam.WeatherApp;
				PRODUCT_NAME = "$(TARGET_NAME)";
				SWIFT_EMIT_LOC_STRINGS = YES;
				SWIFT_VERSION = 5.0;
				TARGETED_DEVICE_FAMILY = "1,2";
			};
			name = Release;
		};
/* End XCBuildConfiguration section */

/* Begin XCConfigurationList section */
		18F030552C127913003A7943 /* Build configuration list for PBXProject "WeatherApp" */ = {
			isa = XCConfigurationList;
			buildConfigurations = (
				18F0306B2C127915003A7943 /* Debug */,
				18F0306C2C127915003A7943 /* Release */,
			);
			defaultConfigurationIsVisible = 0;
			defaultConfigurationName = Release;
		};
		18F0306D2C127915003A7943 /* Build configuration list for PBXNativeTarget "WeatherApp" */ = {
			isa = XCConfigurationList;
			buildConfigurations = (
				18F0306E2C127915003A7943 /* Debug */,
				18F0306F2C127915003A7943 /* Release */,
			);
			defaultConfigurationIsVisible = 0;
			defaultConfigurationName = Release;
		};
/* End XCConfigurationList section */

/* Begin XCVersionGroup section */
		18F030682C127915003A7943 /* WeatherApp.xcdatamodeld */ = {
			isa = XCVersionGroup;
			children = (
				18F030692C127915003A7943 /* WeatherApp.xcdatamodel */,
			);
			currentVersion = 18F030692C127915003A7943 /* WeatherApp.xcdatamodel */;
			path = WeatherApp.xcdatamodeld;
			sourceTree = "<group>";
			versionGroupType = wrapper.xcdatamodel;
		};
/* End XCVersionGroup section */
	};
	rootObject = 18F030522C127913003A7943 /* Project object */;
}
